
Microsoft Visual Studio Solution File, Format Version 12.00
# Visual Studio 15
VisualStudioVersion = 15.0.27604.0
MinimumVisualStudioVersion = 10.0.40219.1
Project("{FAE04EC0-301F-11D3-BF4B-00C04F79EFBC}") = "MyWorkOvertime", "MyWorkOvertime\MyWorkOvertime.csproj", "{13C3AA80-9858-4744-91F2-A3C575972445}"
EndProject
Project("{FAE04EC0-301F-11D3-BF4B-00C04F79EFBC}") = "Model", "Model\Model.csproj", "{434FA73B-59FF-4E31-8D9E-6E3F80A6DD05}"
EndProject
Project("{FAE04EC0-301F-11D3-BF4B-00C04F79EFBC}") = "DLL", "DLL\DLL.csproj", "{7F7FF4C5-0B31-45A4-ADA9-E1A265D542BC}"
EndProject
Project("{FAE04EC0-301F-11D3-BF4B-00C04F79EFBC}") = "IDLL", "IDLL\IDLL.csproj", "{4D6DDC71-13BD-4868-8E60-C1522D896F03}"
EndProject
Project("{FAE04EC0-301F-11D3-BF4B-00C04F79EFBC}") = "DBHelp", "DBHelp\DBHelp.csproj", "{493AC0FF-DED5-4315-B623-1E09FD00564B}"
EndProject
Global
	GlobalSection(SolutionConfigurationPlatforms) = preSolution
		Debug|Any CPU = Debug|Any CPU
		Release|Any CPU = Release|Any CPU
	EndGlobalSection
	GlobalSection(ProjectConfigurationPlatforms) = postSolution
		{13C3AA80-9858-4744-91F2-A3C575972445}.Debug|Any CPU.ActiveCfg = Debug|Any CPU
		{13C3AA80-9858-4744-91F2-A3C575972445}.Debug|Any CPU.Build.0 = Debug|Any CPU
		{13C3AA80-9858-4744-91F2-A3C575972445}.Release|Any CPU.ActiveCfg = Release|Any CPU
		{13C3AA80-9858-4744-91F2-A3C575972445}.Release|Any CPU.Build.0 = Release|Any CPU
		{434FA73B-59FF-4E31-8D9E-6E3F80A6DD05}.Debug|Any CPU.ActiveCfg = Debug|Any CPU
		{434FA73B-59FF-4E31-8D9E-6E3F80A6DD05}.Debug|Any CPU.Build.0 = Debug|Any CPU
		{434FA73B-59FF-4E31-8D9E-6E3F80A6DD05}.Release|Any CPU.ActiveCfg = Release|Any CPU
		{434FA73B-59FF-4E31-8D9E-6E3F80A6DD05}.Release|Any CPU.Build.0 = Release|Any CPU
		{7F7FF4C5-0B31-45A4-ADA9-E1A265D542BC}.Debug|Any CPU.ActiveCfg = Debug|Any CPU
		{7F7FF4C5-0B31-45A4-ADA9-E1A265D542BC}.Debug|Any CPU.Build.0 = Debug|Any CPU
		{7F7FF4C5-0B31-45A4-ADA9-E1A265D542BC}.Release|Any CPU.ActiveCfg = Release|Any CPU
		{7F7FF4C5-0B31-45A4-ADA9-E1A265D542BC}.Release|Any CPU.Build.0 = Release|Any CPU
		{4D6DDC71-13BD-4868-8E60-C1522D896F03}.Debug|Any CPU.ActiveCfg = Debug|Any CPU
		{4D6DDC71-13BD-4868-8E60-C1522D896F03}.Debug|Any CPU.Build.0 = Debug|Any CPU
		{4D6DDC71-13BD-4868-8E60-C1522D896F03}.Release|Any CPU.ActiveCfg = Release|Any CPU
		{4D6DDC71-13BD-4868-8E60-C1522D896F03}.Release|Any CPU.Build.0 = Release|Any CPU
		{493AC0FF-DED5-4315-B623-1E09FD00564B}.Debug|Any CPU.ActiveCfg = Debug|Any CPU
		{493AC0FF-DED5-4315-B623-1E09FD00564B}.Debug|Any CPU.Build.0 = Debug|Any CPU
		{493AC0FF-DED5-4315-B623-1E09FD00564B}.Release|Any CPU.ActiveCfg = Release|Any CPU
		{493AC0FF-DED5-4315-B623-1E09FD00564B}.Release|Any CPU.Build.0 = Release|Any CPU
	EndGlobalSection
	GlobalSection(SolutionProperties) = preSolution
		HideSolutionNode = FALSE
	EndGlobalSection
	GlobalSection(ExtensibilityGlobals) = postSolution
		SolutionGuid = {41FF1A09-3DE5-493E-B79F-FE3B57AA2820}
	EndGlobalSection
EndGlobal
